
Microsoft Visual Studio Solution File, Format Version 12.00
# Visual Studio Version 17
VisualStudioVersion = 17.4.33213.308
MinimumVisualStudioVersion = 10.0.40219.1
Project("{FAE04EC0-301F-11D3-BF4B-00C04F79EFBC}") = "ConsultationAppointmentClient", "ConsultationAppointmentClient.csproj", "{CDD8B917-8FFF-4F4A-AA4C-D5EAC14B4586}"
EndProject
Global
	GlobalSection(SolutionConfigurationPlatforms) = preSolution
		Debug|Any CPU = Debug|Any CPU
		Release|Any CPU = Release|Any CPU
	EndGlobalSection
	GlobalSection(ProjectConfigurationPlatforms) = postSolution
		{CDD8B917-8FFF-4F4A-AA4C-D5EAC14B4586}.Debug|Any CPU.ActiveCfg = Debug|Any CPU
		{CDD8B917-8FFF-4F4A-AA4C-D5EAC14B4586}.Debug|Any CPU.Build.0 = Debug|Any CPU
		{CDD8B917-8FFF-4F4A-AA4C-D5EAC14B4586}.Release|Any CPU.ActiveCfg = Release|Any CPU
		{CDD8B917-8FFF-4F4A-AA4C-D5EAC14B4586}.Release|Any CPU.Build.0 = Release|Any CPU
	EndGlobalSection
	GlobalSection(SolutionProperties) = preSolution
		HideSolutionNode = FALSE
	EndGlobalSection
	GlobalSection(ExtensibilityGlobals) = postSolution
		SolutionGuid = {52C576F9-C06E-4C5B-8DEB-D4C90210B719}
	EndGlobalSection
EndGlobal
