
Microsoft Visual Studio Solution File, Format Version 12.00
# Visual Studio Version 17
VisualStudioVersion = 17.4.33213.308
MinimumVisualStudioVersion = 10.0.40219.1
Project("{9A19103F-16F7-4668-BE54-9A1E7A4F7556}") = "ConsultationAppointment", "ConsultationAppointment.csproj", "{7C4406E5-F598-447A-B559-2EDF3B1814F4}"
EndProject
Project("{9A19103F-16F7-4668-BE54-9A1E7A4F7556}") = "Tests", "..\Tests\Tests.csproj", "{6E7CFBD0-698F-4AB6-9FCC-7BAB212F9133}"
EndProject
Global
	GlobalSection(SolutionConfigurationPlatforms) = preSolution
		Debug|Any CPU = Debug|Any CPU
		Release|Any CPU = Release|Any CPU
	EndGlobalSection
	GlobalSection(ProjectConfigurationPlatforms) = postSolution
		{7C4406E5-F598-447A-B559-2EDF3B1814F4}.Debug|Any CPU.ActiveCfg = Debug|Any CPU
		{7C4406E5-F598-447A-B559-2EDF3B1814F4}.Debug|Any CPU.Build.0 = Debug|Any CPU
		{7C4406E5-F598-447A-B559-2EDF3B1814F4}.Release|Any CPU.ActiveCfg = Release|Any CPU
		{7C4406E5-F598-447A-B559-2EDF3B1814F4}.Release|Any CPU.Build.0 = Release|Any CPU
		{6E7CFBD0-698F-4AB6-9FCC-7BAB212F9133}.Debug|Any CPU.ActiveCfg = Debug|Any CPU
		{6E7CFBD0-698F-4AB6-9FCC-7BAB212F9133}.Debug|Any CPU.Build.0 = Debug|Any CPU
		{6E7CFBD0-698F-4AB6-9FCC-7BAB212F9133}.Release|Any CPU.ActiveCfg = Release|Any CPU
		{6E7CFBD0-698F-4AB6-9FCC-7BAB212F9133}.Release|Any CPU.Build.0 = Release|Any CPU
	EndGlobalSection
	GlobalSection(SolutionProperties) = preSolution
		HideSolutionNode = FALSE
	EndGlobalSection
	GlobalSection(ExtensibilityGlobals) = postSolution
		SolutionGuid = {61D75D2A-9C28-4002-9B83-297BCB1DC179}
	EndGlobalSection
EndGlobal
